
Microsoft Visual Studio Solution File, Format Version 12.00
# Visual Studio 15
VisualStudioVersion = 15.0.27428.2015
MinimumVisualStudioVersion = 10.0.40219.1
Project("{FAE04EC0-301F-11D3-BF4B-00C04F79EFBC}") = "BlackJackCardGame", "BlackJack-Card-Game\BlackJackCardGame.csproj", "{D5E9D1C8-D3CF-478B-A055-889FBE0C2F21}"
EndProject
Project("{FAE04EC0-301F-11D3-BF4B-00C04F79EFBC}") = "UnitTests", "UnitTests\UnitTests.csproj", "{95F31398-7D4E-4E71-929C-5D50D5CB5F2F}"
EndProject
Global
	GlobalSection(SolutionConfigurationPlatforms) = preSolution
		Debug|Any CPU = Debug|Any CPU
		Release|Any CPU = Release|Any CPU
	EndGlobalSection
	GlobalSection(ProjectConfigurationPlatforms) = postSolution
		{D5E9D1C8-D3CF-478B-A055-889FBE0C2F21}.Debug|Any CPU.ActiveCfg = Debug|Any CPU
		{D5E9D1C8-D3CF-478B-A055-889FBE0C2F21}.Debug|Any CPU.Build.0 = Debug|Any CPU
		{D5E9D1C8-D3CF-478B-A055-889FBE0C2F21}.Release|Any CPU.ActiveCfg = Release|Any CPU
		{D5E9D1C8-D3CF-478B-A055-889FBE0C2F21}.Release|Any CPU.Build.0 = Release|Any CPU
		{95F31398-7D4E-4E71-929C-5D50D5CB5F2F}.Debug|Any CPU.ActiveCfg = Debug|Any CPU
		{95F31398-7D4E-4E71-929C-5D50D5CB5F2F}.Debug|Any CPU.Build.0 = Debug|Any CPU
		{95F31398-7D4E-4E71-929C-5D50D5CB5F2F}.Release|Any CPU.ActiveCfg = Release|Any CPU
		{95F31398-7D4E-4E71-929C-5D50D5CB5F2F}.Release|Any CPU.Build.0 = Release|Any CPU
	EndGlobalSection
	GlobalSection(SolutionProperties) = preSolution
		HideSolutionNode = FALSE
	EndGlobalSection
	GlobalSection(ExtensibilityGlobals) = postSolution
		SolutionGuid = {E9A0BDD5-BC81-42FD-8615-F7A7E6962743}
	EndGlobalSection
EndGlobal
